
Microsoft Visual Studio Solution File, Format Version 12.00
# Visual Studio 2013
VisualStudioVersion = 12.0.31101.0
MinimumVisualStudioVersion = 10.0.40219.1
Project("{2150E333-8FDC-42A3-9474-1A3956D46DE8}") = "Libraries", "Libraries", "{EB06BEF0-06DB-449B-8B46-B35A1846C80F}"
EndProject
Project("{2150E333-8FDC-42A3-9474-1A3956D46DE8}") = "Services", "Services", "{C8FC9672-3ECF-4ADF-8536-89DA3B648CBF}"
EndProject
Project("{2150E333-8FDC-42A3-9474-1A3956D46DE8}") = "Web", "Web", "{6D6947F1-0651-4505-AC47-DC02F61717A0}"
EndProject
Project("{FAE04EC0-301F-11D3-BF4B-00C04F79EFBC}") = "Woopin.SGC.Web", "Woopin.SGC.Web\Woopin.SGC.Web.csproj", "{ED30964F-B0C8-4FA1-90BD-A4CE6EC81E7F}"
EndProject
Project("{FAE04EC0-301F-11D3-BF4B-00C04F79EFBC}") = "Woopin.SGC.Web.Tests", "Woopin.SGC.Web.Tests\Woopin.SGC.Web.Tests.csproj", "{7C04439C-B789-4BAF-8648-940563E28F4B}"
EndProject
Project("{FAE04EC0-301F-11D3-BF4B-00C04F79EFBC}") = "Woopin.SGC.Model", "Woopin.SGC.Model\Woopin.SGC.Model.csproj", "{18216B6B-29B8-48A8-A2AA-444E068ABCB8}"
EndProject
Project("{FAE04EC0-301F-11D3-BF4B-00C04F79EFBC}") = "Woopin.SGC.Common", "Woopin.SGC.Common\Woopin.SGC.Common.csproj", "{9CA0881B-F044-483C-A594-82D0158832F7}"
EndProject
Project("{2150E333-8FDC-42A3-9474-1A3956D46DE8}") = "Repositories", "Repositories", "{43816D0F-12BE-4460-8A52-BBA6366C5059}"
EndProject
Project("{FAE04EC0-301F-11D3-BF4B-00C04F79EFBC}") = "Woopin.SGC.Repositories", "Woopin.SGC.Repositories\Woopin.SGC.Repositories.csproj", "{B2BDCD6A-192E-4D47-95A9-215B26596F70}"
EndProject
Project("{FAE04EC0-301F-11D3-BF4B-00C04F79EFBC}") = "Woopin.SGC.Services", "Woopin.SGC.Services\Woopin.SGC.Services.csproj", "{4F4AA4C6-4F10-4C42-8448-0BCBBE4815CF}"
EndProject
Project("{FAE04EC0-301F-11D3-BF4B-00C04F79EFBC}") = "Woopin.SGC.NHMapping", "Woopin.SGC.NHMapping\Woopin.SGC.NHMapping.csproj", "{2E29BE0F-CB6C-4634-A170-556EEC344542}"
EndProject
Project("{FAE04EC0-301F-11D3-BF4B-00C04F79EFBC}") = "Woopin.SGC.Services.Afip", "Woopin.SGC.Services.Afip\Woopin.SGC.Services.Afip.csproj", "{8096B6EB-D90B-42DC-974D-6A4147C83685}"
EndProject
Project("{FAE04EC0-301F-11D3-BF4B-00C04F79EFBC}") = "Woopin.SGC.CommonApp", "Woopin.SGC.Common.App\Woopin.SGC.CommonApp.csproj", "{5EEE9AF1-9E31-4B95-AFCF-3C4FBEBBC784}"
EndProject
Project("{2150E333-8FDC-42A3-9474-1A3956D46DE8}") = "Solution Items", "Solution Items", "{3DE5476D-616F-422F-8153-B31BD6349D5F}"
	ProjectSection(SolutionItems) = preProject
		SGC.pssln = SGC.pssln
	EndProjectSection
EndProject
Global
	GlobalSection(SolutionConfigurationPlatforms) = preSolution
		Debug|Any CPU = Debug|Any CPU
		DESA|Any CPU = DESA|Any CPU
		PROD|Any CPU = PROD|Any CPU
		QA|Any CPU = QA|Any CPU
		Release|Any CPU = Release|Any CPU
	EndGlobalSection
	GlobalSection(ProjectConfigurationPlatforms) = postSolution
		{ED30964F-B0C8-4FA1-90BD-A4CE6EC81E7F}.Debug|Any CPU.ActiveCfg = DESA|Any CPU
		{ED30964F-B0C8-4FA1-90BD-A4CE6EC81E7F}.Debug|Any CPU.Build.0 = DESA|Any CPU
		{ED30964F-B0C8-4FA1-90BD-A4CE6EC81E7F}.DESA|Any CPU.ActiveCfg = DESA|Any CPU
		{ED30964F-B0C8-4FA1-90BD-A4CE6EC81E7F}.DESA|Any CPU.Build.0 = DESA|Any CPU
		{ED30964F-B0C8-4FA1-90BD-A4CE6EC81E7F}.PROD|Any CPU.ActiveCfg = PROD|Any CPU
		{ED30964F-B0C8-4FA1-90BD-A4CE6EC81E7F}.PROD|Any CPU.Build.0 = PROD|Any CPU
		{ED30964F-B0C8-4FA1-90BD-A4CE6EC81E7F}.QA|Any CPU.ActiveCfg = QA|Any CPU
		{ED30964F-B0C8-4FA1-90BD-A4CE6EC81E7F}.QA|Any CPU.Build.0 = QA|Any CPU
		{ED30964F-B0C8-4FA1-90BD-A4CE6EC81E7F}.Release|Any CPU.ActiveCfg = Release|Any CPU
		{ED30964F-B0C8-4FA1-90BD-A4CE6EC81E7F}.Release|Any CPU.Build.0 = Release|Any CPU
		{7C04439C-B789-4BAF-8648-940563E28F4B}.Debug|Any CPU.ActiveCfg = DESA|Any CPU
		{7C04439C-B789-4BAF-8648-940563E28F4B}.Debug|Any CPU.Build.0 = DESA|Any CPU
		{7C04439C-B789-4BAF-8648-940563E28F4B}.DESA|Any CPU.ActiveCfg = DESA|Any CPU
		{7C04439C-B789-4BAF-8648-940563E28F4B}.DESA|Any CPU.Build.0 = DESA|Any CPU
		{7C04439C-B789-4BAF-8648-940563E28F4B}.PROD|Any CPU.ActiveCfg = PROD|Any CPU
		{7C04439C-B789-4BAF-8648-940563E28F4B}.PROD|Any CPU.Build.0 = PROD|Any CPU
		{7C04439C-B789-4BAF-8648-940563E28F4B}.QA|Any CPU.ActiveCfg = QA|Any CPU
		{7C04439C-B789-4BAF-8648-940563E28F4B}.QA|Any CPU.Build.0 = QA|Any CPU
		{7C04439C-B789-4BAF-8648-940563E28F4B}.Release|Any CPU.ActiveCfg = QA|Any CPU
		{7C04439C-B789-4BAF-8648-940563E28F4B}.Release|Any CPU.Build.0 = QA|Any CPU
		{18216B6B-29B8-48A8-A2AA-444E068ABCB8}.Debug|Any CPU.ActiveCfg = DESA|Any CPU
		{18216B6B-29B8-48A8-A2AA-444E068ABCB8}.Debug|Any CPU.Build.0 = DESA|Any CPU
		{18216B6B-29B8-48A8-A2AA-444E068ABCB8}.DESA|Any CPU.ActiveCfg = DESA|Any CPU
		{18216B6B-29B8-48A8-A2AA-444E068ABCB8}.DESA|Any CPU.Build.0 = DESA|Any CPU
		{18216B6B-29B8-48A8-A2AA-444E068ABCB8}.PROD|Any CPU.ActiveCfg = PROD|Any CPU
		{18216B6B-29B8-48A8-A2AA-444E068ABCB8}.PROD|Any CPU.Build.0 = PROD|Any CPU
		{18216B6B-29B8-48A8-A2AA-444E068ABCB8}.QA|Any CPU.ActiveCfg = QA|Any CPU
		{18216B6B-29B8-48A8-A2AA-444E068ABCB8}.QA|Any CPU.Build.0 = QA|Any CPU
		{18216B6B-29B8-48A8-A2AA-444E068ABCB8}.Release|Any CPU.ActiveCfg = QA|Any CPU
		{18216B6B-29B8-48A8-A2AA-444E068ABCB8}.Release|Any CPU.Build.0 = QA|Any CPU
		{9CA0881B-F044-483C-A594-82D0158832F7}.Debug|Any CPU.ActiveCfg = DESA|Any CPU
		{9CA0881B-F044-483C-A594-82D0158832F7}.Debug|Any CPU.Build.0 = DESA|Any CPU
		{9CA0881B-F044-483C-A594-82D0158832F7}.DESA|Any CPU.ActiveCfg = DESA|Any CPU
		{9CA0881B-F044-483C-A594-82D0158832F7}.DESA|Any CPU.Build.0 = DESA|Any CPU
		{9CA0881B-F044-483C-A594-82D0158832F7}.PROD|Any CPU.ActiveCfg = PROD|Any CPU
		{9CA0881B-F044-483C-A594-82D0158832F7}.PROD|Any CPU.Build.0 = PROD|Any CPU
		{9CA0881B-F044-483C-A594-82D0158832F7}.QA|Any CPU.ActiveCfg = QA|Any CPU
		{9CA0881B-F044-483C-A594-82D0158832F7}.QA|Any CPU.Build.0 = QA|Any CPU
		{9CA0881B-F044-483C-A594-82D0158832F7}.QA|Any CPU.Deploy.0 = QA|Any CPU
		{9CA0881B-F044-483C-A594-82D0158832F7}.Release|Any CPU.ActiveCfg = QA|Any CPU
		{9CA0881B-F044-483C-A594-82D0158832F7}.Release|Any CPU.Build.0 = QA|Any CPU
		{B2BDCD6A-192E-4D47-95A9-215B26596F70}.Debug|Any CPU.ActiveCfg = DESA|Any CPU
		{B2BDCD6A-192E-4D47-95A9-215B26596F70}.Debug|Any CPU.Build.0 = DESA|Any CPU
		{B2BDCD6A-192E-4D47-95A9-215B26596F70}.DESA|Any CPU.ActiveCfg = DESA|Any CPU
		{B2BDCD6A-192E-4D47-95A9-215B26596F70}.DESA|Any CPU.Build.0 = DESA|Any CPU
		{B2BDCD6A-192E-4D47-95A9-215B26596F70}.PROD|Any CPU.ActiveCfg = PROD|Any CPU
		{B2BDCD6A-192E-4D47-95A9-215B26596F70}.PROD|Any CPU.Build.0 = PROD|Any CPU
		{B2BDCD6A-192E-4D47-95A9-215B26596F70}.QA|Any CPU.ActiveCfg = QA|Any CPU
		{B2BDCD6A-192E-4D47-95A9-215B26596F70}.QA|Any CPU.Build.0 = QA|Any CPU
		{B2BDCD6A-192E-4D47-95A9-215B26596F70}.Release|Any CPU.ActiveCfg = QA|Any CPU
		{B2BDCD6A-192E-4D47-95A9-215B26596F70}.Release|Any CPU.Build.0 = QA|Any CPU
		{4F4AA4C6-4F10-4C42-8448-0BCBBE4815CF}.Debug|Any CPU.ActiveCfg = DESA|Any CPU
		{4F4AA4C6-4F10-4C42-8448-0BCBBE4815CF}.Debug|Any CPU.Build.0 = DESA|Any CPU
		{4F4AA4C6-4F10-4C42-8448-0BCBBE4815CF}.DESA|Any CPU.ActiveCfg = DESA|Any CPU
		{4F4AA4C6-4F10-4C42-8448-0BCBBE4815CF}.DESA|Any CPU.Build.0 = DESA|Any CPU
		{4F4AA4C6-4F10-4C42-8448-0BCBBE4815CF}.PROD|Any CPU.ActiveCfg = PROD|Any CPU
		{4F4AA4C6-4F10-4C42-8448-0BCBBE4815CF}.PROD|Any CPU.Build.0 = PROD|Any CPU
		{4F4AA4C6-4F10-4C42-8448-0BCBBE4815CF}.QA|Any CPU.ActiveCfg = QA|Any CPU
		{4F4AA4C6-4F10-4C42-8448-0BCBBE4815CF}.QA|Any CPU.Build.0 = QA|Any CPU
		{4F4AA4C6-4F10-4C42-8448-0BCBBE4815CF}.Release|Any CPU.ActiveCfg = QA|Any CPU
		{4F4AA4C6-4F10-4C42-8448-0BCBBE4815CF}.Release|Any CPU.Build.0 = QA|Any CPU
		{2E29BE0F-CB6C-4634-A170-556EEC344542}.Debug|Any CPU.ActiveCfg = DESA|Any CPU
		{2E29BE0F-CB6C-4634-A170-556EEC344542}.Debug|Any CPU.Build.0 = DESA|Any CPU
		{2E29BE0F-CB6C-4634-A170-556EEC344542}.DESA|Any CPU.ActiveCfg = DESA|Any CPU
		{2E29BE0F-CB6C-4634-A170-556EEC344542}.DESA|Any CPU.Build.0 = DESA|Any CPU
		{2E29BE0F-CB6C-4634-A170-556EEC344542}.PROD|Any CPU.ActiveCfg = PROD|Any CPU
		{2E29BE0F-CB6C-4634-A170-556EEC344542}.PROD|Any CPU.Build.0 = PROD|Any CPU
		{2E29BE0F-CB6C-4634-A170-556EEC344542}.QA|Any CPU.ActiveCfg = QA|Any CPU
		{2E29BE0F-CB6C-4634-A170-556EEC344542}.QA|Any CPU.Build.0 = QA|Any CPU
		{2E29BE0F-CB6C-4634-A170-556EEC344542}.Release|Any CPU.ActiveCfg = QA|Any CPU
		{2E29BE0F-CB6C-4634-A170-556EEC344542}.Release|Any CPU.Build.0 = QA|Any CPU
		{8096B6EB-D90B-42DC-974D-6A4147C83685}.Debug|Any CPU.ActiveCfg = DESA|Any CPU
		{8096B6EB-D90B-42DC-974D-6A4147C83685}.Debug|Any CPU.Build.0 = DESA|Any CPU
		{8096B6EB-D90B-42DC-974D-6A4147C83685}.DESA|Any CPU.ActiveCfg = DESA|Any CPU
		{8096B6EB-D90B-42DC-974D-6A4147C83685}.DESA|Any CPU.Build.0 = DESA|Any CPU
		{8096B6EB-D90B-42DC-974D-6A4147C83685}.PROD|Any CPU.ActiveCfg = PROD|Any CPU
		{8096B6EB-D90B-42DC-974D-6A4147C83685}.PROD|Any CPU.Build.0 = PROD|Any CPU
		{8096B6EB-D90B-42DC-974D-6A4147C83685}.QA|Any CPU.ActiveCfg = QA|Any CPU
		{8096B6EB-D90B-42DC-974D-6A4147C83685}.QA|Any CPU.Build.0 = QA|Any CPU
		{8096B6EB-D90B-42DC-974D-6A4147C83685}.QA|Any CPU.Deploy.0 = QA|Any CPU
		{8096B6EB-D90B-42DC-974D-6A4147C83685}.Release|Any CPU.ActiveCfg = QA|Any CPU
		{8096B6EB-D90B-42DC-974D-6A4147C83685}.Release|Any CPU.Build.0 = QA|Any CPU
		{5EEE9AF1-9E31-4B95-AFCF-3C4FBEBBC784}.Debug|Any CPU.ActiveCfg = DESA|Any CPU
		{5EEE9AF1-9E31-4B95-AFCF-3C4FBEBBC784}.Debug|Any CPU.Build.0 = DESA|Any CPU
		{5EEE9AF1-9E31-4B95-AFCF-3C4FBEBBC784}.DESA|Any CPU.ActiveCfg = DESA|Any CPU
		{5EEE9AF1-9E31-4B95-AFCF-3C4FBEBBC784}.DESA|Any CPU.Build.0 = DESA|Any CPU
		{5EEE9AF1-9E31-4B95-AFCF-3C4FBEBBC784}.PROD|Any CPU.ActiveCfg = PROD|Any CPU
		{5EEE9AF1-9E31-4B95-AFCF-3C4FBEBBC784}.PROD|Any CPU.Build.0 = PROD|Any CPU
		{5EEE9AF1-9E31-4B95-AFCF-3C4FBEBBC784}.QA|Any CPU.ActiveCfg = QA|Any CPU
		{5EEE9AF1-9E31-4B95-AFCF-3C4FBEBBC784}.QA|Any CPU.Build.0 = QA|Any CPU
		{5EEE9AF1-9E31-4B95-AFCF-3C4FBEBBC784}.Release|Any CPU.ActiveCfg = QA|Any CPU
		{5EEE9AF1-9E31-4B95-AFCF-3C4FBEBBC784}.Release|Any CPU.Build.0 = QA|Any CPU
	EndGlobalSection
	GlobalSection(SolutionProperties) = preSolution
		HideSolutionNode = FALSE
	EndGlobalSection
	GlobalSection(NestedProjects) = preSolution
		{ED30964F-B0C8-4FA1-90BD-A4CE6EC81E7F} = {6D6947F1-0651-4505-AC47-DC02F61717A0}
		{7C04439C-B789-4BAF-8648-940563E28F4B} = {6D6947F1-0651-4505-AC47-DC02F61717A0}
		{18216B6B-29B8-48A8-A2AA-444E068ABCB8} = {EB06BEF0-06DB-449B-8B46-B35A1846C80F}
		{9CA0881B-F044-483C-A594-82D0158832F7} = {EB06BEF0-06DB-449B-8B46-B35A1846C80F}
		{B2BDCD6A-192E-4D47-95A9-215B26596F70} = {43816D0F-12BE-4460-8A52-BBA6366C5059}
		{4F4AA4C6-4F10-4C42-8448-0BCBBE4815CF} = {C8FC9672-3ECF-4ADF-8536-89DA3B648CBF}
		{2E29BE0F-CB6C-4634-A170-556EEC344542} = {43816D0F-12BE-4460-8A52-BBA6366C5059}
		{8096B6EB-D90B-42DC-974D-6A4147C83685} = {C8FC9672-3ECF-4ADF-8536-89DA3B648CBF}
		{5EEE9AF1-9E31-4B95-AFCF-3C4FBEBBC784} = {EB06BEF0-06DB-449B-8B46-B35A1846C80F}
	EndGlobalSection
EndGlobal
